
Microsoft Visual Studio Solution File, Format Version 12.00
# Visual Studio Version 17
VisualStudioVersion = 17.0.31903.59
MinimumVisualStudioVersion = 10.0.40219.1
Project("{2150E333-8FDC-42A3-9474-1A3956D46DE8}") = "src", "src", "{E3360292-EA54-4037-8B99-511459A0007A}"
EndProject
Project("{FAE04EC0-301F-11D3-BF4B-00C04F79EFBC}") = "TravelBuddy.Api", "src\TravelBuddy.Api\TravelBuddy.Api.csproj", "{D288B83D-4988-4172-9790-14DF2BB81104}"
EndProject
Global
	GlobalSection(SolutionConfigurationPlatforms) = preSolution
		Debug|Any CPU = Debug|Any CPU
		Release|Any CPU = Release|Any CPU
	EndGlobalSection
	GlobalSection(SolutionProperties) = preSolution
		HideSolutionNode = FALSE
	EndGlobalSection
	GlobalSection(ProjectConfigurationPlatforms) = postSolution
		{D288B83D-4988-4172-9790-14DF2BB81104}.Debug|Any CPU.ActiveCfg = Debug|Any CPU
		{D288B83D-4988-4172-9790-14DF2BB81104}.Debug|Any CPU.Build.0 = Debug|Any CPU
		{D288B83D-4988-4172-9790-14DF2BB81104}.Release|Any CPU.ActiveCfg = Release|Any CPU
		{D288B83D-4988-4172-9790-14DF2BB81104}.Release|Any CPU.Build.0 = Release|Any CPU
	EndGlobalSection
	GlobalSection(NestedProjects) = preSolution
		{D288B83D-4988-4172-9790-14DF2BB81104} = {E3360292-EA54-4037-8B99-511459A0007A}
	EndGlobalSection
EndGlobal
